
Microsoft Visual Studio Solution File, Format Version 12.00
# Visual Studio Version 17
VisualStudioVersion = 17.5.33530.505
MinimumVisualStudioVersion = 10.0.40219.1
Project("{9A19103F-16F7-4668-BE54-9A1E7A4F7556}") = "ExpenseReport", "ExpenseReport\ExpenseReport.csproj", "{63FEFAD9-C66C-4809-8192-F4E9A6F4AB1C}"
EndProject
Project("{9A19103F-16F7-4668-BE54-9A1E7A4F7556}") = "ExpenseReportAPI", "ExpenseReportAPI\ExpenseReportAPI.csproj", "{0E1DC0F1-8852-4432-95B2-47275A19E906}"
EndProject
Project("{FAE04EC0-301F-11D3-BF4B-00C04F79EFBC}") = "commonmodels", "commonmodels\commonmodels.csproj", "{AE4464FF-9747-4FD0-9719-510D03D52292}"
EndProject
Global
	GlobalSection(SolutionConfigurationPlatforms) = preSolution
		Debug|Any CPU = Debug|Any CPU
		Release|Any CPU = Release|Any CPU
	EndGlobalSection
	GlobalSection(ProjectConfigurationPlatforms) = postSolution
		{63FEFAD9-C66C-4809-8192-F4E9A6F4AB1C}.Debug|Any CPU.ActiveCfg = Debug|Any CPU
		{63FEFAD9-C66C-4809-8192-F4E9A6F4AB1C}.Debug|Any CPU.Build.0 = Debug|Any CPU
		{63FEFAD9-C66C-4809-8192-F4E9A6F4AB1C}.Release|Any CPU.ActiveCfg = Release|Any CPU
		{63FEFAD9-C66C-4809-8192-F4E9A6F4AB1C}.Release|Any CPU.Build.0 = Release|Any CPU
		{0E1DC0F1-8852-4432-95B2-47275A19E906}.Debug|Any CPU.ActiveCfg = Debug|Any CPU
		{0E1DC0F1-8852-4432-95B2-47275A19E906}.Debug|Any CPU.Build.0 = Debug|Any CPU
		{0E1DC0F1-8852-4432-95B2-47275A19E906}.Release|Any CPU.ActiveCfg = Release|Any CPU
		{0E1DC0F1-8852-4432-95B2-47275A19E906}.Release|Any CPU.Build.0 = Release|Any CPU
		{AE4464FF-9747-4FD0-9719-510D03D52292}.Debug|Any CPU.ActiveCfg = Debug|Any CPU
		{AE4464FF-9747-4FD0-9719-510D03D52292}.Debug|Any CPU.Build.0 = Debug|Any CPU
		{AE4464FF-9747-4FD0-9719-510D03D52292}.Release|Any CPU.ActiveCfg = Release|Any CPU
		{AE4464FF-9747-4FD0-9719-510D03D52292}.Release|Any CPU.Build.0 = Release|Any CPU
	EndGlobalSection
	GlobalSection(SolutionProperties) = preSolution
		HideSolutionNode = FALSE
	EndGlobalSection
	GlobalSection(ExtensibilityGlobals) = postSolution
		SolutionGuid = {E365B837-F996-4737-A3D9-74D6CE3363D1}
	EndGlobalSection
EndGlobal
